// !$*UTF8*$!
{
	archiveVersion = 1;
	classes = {
	};
	objectVersion = 46;
	objects = {
		6AFB720650C39998B72EC260 = {
			isa = PBXBuildFile;
			fileRef = 3ABE43ADC8BCAB662B10EE28;
		};
		B13BC1AF5E29A8504481F326 = {
			isa = PBXBuildFile;
			fileRef = 6D2F914640B1A53ABAEB1CF1;
		};
		F54BD3511FA4E872A02DFB82 = {
			isa = PBXBuildFile;
			fileRef = 14F07A56FD0B473BB564B252;
		};
		1C73A8C94B0BB400C5B72956 = {
			isa = PBXBuildFile;
			fileRef = D6C4E6F0A1E91F9437653C2F;
		};
		495E78B0FE9B4CD1F38EA255 = {
			isa = PBXBuildFile;
			fileRef = 38ACC092F71F9399A8845CDB;
		};
		8CF1F9ECDDFDA2EF74320799 = {
			isa = PBXBuildFile;
			fileRef = F836586DF9815421165A54C7;
		};
		9AE9EB077A77B1D4708F3B55 = {
			isa = PBXBuildFile;
			fileRef = EC30ED16A2E96D7FBC37C8D1;
		};
		1434E012A77F164378980903 = {
			isa = PBXBuildFile;
			fileRef = B9A037E8CAFB3B74C1833C2E;
		};
		2375A5AA9B495DA2F7C9A927 = {
			isa = PBXBuildFile;
			fileRef = 379C4E5152E6906B2ECAC3F4;
		};
		C927FCB28FF88E14E5F3B194 = {
			isa = PBXBuildFile;
			fileRef = 3CC8E7E0DDF2E9CECF252B90;
		};
		2C0C04E4B1D6B6060D407B62 = {
			isa = PBXBuildFile;
			fileRef = AB9C059CF9E6C5571865CF74;
		};
		158DDCF692B8D2263A5E9FFF = {
			isa = PBXBuildFile;
			fileRef = 7918D56204D9E33B2544E00E;
		};
		8333A640DA4739CB26F4498B = {
			isa = PBXBuildFile;
			fileRef = B5D2653F1C21AEDF4D44C9CE;
		};
		6CE97CC0ED2B39AE627E4DA3 = {
			isa = PBXBuildFile;
			fileRef = 189FBC60C7EAE8234C713E1A;
		};
		D37DB42EA54E401125253E5D = {
			isa = PBXBuildFile;
			fileRef = 690C3D700BB9EA1DAA83833B;
		};
		3054905AD7B5A5B89409E257 = {
			isa = PBXBuildFile;
			fileRef = 5B01C63675DE88BDACC4247B;
		};
		B41AE04AF6DAF4ED88CD4F71 = {
			isa = PBXBuildFile;
			fileRef = D68739634985281154A8877B;
		};
		B74EA05CB9738271F9B856FC = {
			isa = PBXBuildFile;
			fileRef = 3823BD0421E3C823C0DE7461;
		};
		190A33A677A103A652F02ACA = {
			isa = PBXBuildFile;
			fileRef = 82B97BEDB1B30A9D89300E60;
		};
		CE0654C09CCBA05D7FDC96AD = {
			isa = PBXBuildFile;
			fileRef = 183A0AD619DD97183DE4328B;
		};
		CD17F18C08CC74C409A5E470 = {
			isa = PBXBuildFile;
			fileRef = 9DDAF905F54D75A14576BB83;
		};
		5223710EF1529562E00F0B96 = {
			isa = PBXBuildFile;
			fileRef = BCA944C5BB94B8358571D7CB;
		};
		BEB7B78962BB0D297BC77AA4 = {
			isa = PBXBuildFile;
			fileRef = 85DF67C2810AC4F1F03E2E04;
		};
		151DA708FFC14541D033737B = {
			isa = PBXBuildFile;
			fileRef = 1248240D69D07D32760CB41F;
		};
		B3DD0D3E60746FE021C853C2 = {
			isa = PBXBuildFile;
			fileRef = 25CF8105D639485DFB240790;
		};
		8FB2581E59A6861CC4307FBC = {
			isa = PBXBuildFile;
			fileRef = BF5E1F6529D115992BF75A60;
		};
		09A79D06B0CE1D373F8B255F = {
			isa = PBXBuildFile;
			fileRef = DDA335A6A0BC3F226182C06A;
		};
		9617FCDD8FEA971EA81D5818 = {
			isa = PBXBuildFile;
			fileRef = CB37E156C65621F8BDB3F913;
		};
		F996CF1E86D892FF725E5DD1 = {
			isa = PBXBuildFile;
			fileRef = 48C3BF230AC19687CD3945C6;
		};
		F3980FE01083ECAD9E90C2C4 = {
			isa = PBXBuildFile;
			fileRef = 5B1D2DE44E833383201575CE;
		};
		A84C73498DEA48C59FACA218 = {
			isa = PBXBuildFile;
			fileRef = 71741EDF80A2725CE26C4C9F;
		};
		6673634C61190A1431BA4E46 = {
			isa = PBXBuildFile;
			fileRef = 11FFEA910FC7F824B7D629BE;
		};
		E83825F7C24708C5C57119E5 = {
			isa = PBXBuildFile;
			fileRef = 420897752D0ED59835BB9B62;
		};
		4A07EEF261E0F11CE81264EA = {
			isa = PBXBuildFile;
			fileRef = 3138188EBC9AE2B502EA2CA4;
		};
		14C062C1665A0E242BEC06CE = {
			isa = PBXBuildFile;
			fileRef = 7C99CD4446B25AC7D2B1C34A;
		};
		88300A9EAB7F1726CED8837B = {
			isa = PBXBuildFile;
			fileRef = 01E14208CC5E6236CD9635CC;
		};
		01080CE02D274E0D3A9F5F8E = {
			isa = PBXFileReference;
			lastKnownFileType = file;
			name = "juce_audio_utils";
			path = "/Users/colterulrich/Documents/JUCE/modules/juce_audio_utils";
			sourceTree = "<absolute>";
		};
		01E14208CC5E6236CD9635CC = {
			isa = PBXFileReference;
			lastKnownFileType = sourcecode.cpp.objcpp;
			name = "include_juce_gui_extra.mm";
			path = "../../JuceLibraryCode/include_juce_gui_extra.mm";
			sourceTree = "SOURCE_ROOT";
		};
		0C2FF6B69614699930A97E0F = {
			isa = PBXFileReference;
			lastKnownFileType = file;
			name = "juce_events";
			path = "/Users/colterulrich/Documents/JUCE/modules/juce_events";
			sourceTree = "<absolute>";
		};
		10ED273ABC2059D0B03DC1DF = {
			isa = PBXFileReference;
			lastKnownFileType = file;
			name = "juce_gui_extra";
			path = "/Users/colterulrich/Documents/JUCE/modules/juce_gui_extra";
			sourceTree = "<absolute>";
		};
		11FFEA910FC7F824B7D629BE = {
			isa = PBXFileReference;
			lastKnownFileType = sourcecode.cpp.objcpp;
			name = "include_juce_data_structures.mm";
			path = "../../JuceLibraryCode/include_juce_data_structures.mm";
			sourceTree = "SOURCE_ROOT";
		};
		1248240D69D07D32760CB41F = {
			isa = PBXFileReference;
			lastKnownFileType = sourcecode.cpp.objcpp;
			name = "include_juce_audio_plugin_client_AU_1.mm";
			path = "../../JuceLibraryCode/include_juce_audio_plugin_client_AU_1.mm";
			sourceTree = "SOURCE_ROOT";
		};
		183A0AD619DD97183DE4328B = {
			isa = PBXFileReference;
			lastKnownFileType = sourcecode.cpp.objcpp;
			name = "include_juce_audio_basics.mm";
			path = "../../JuceLibraryCode/include_juce_audio_basics.mm";
			sourceTree = "SOURCE_ROOT";
		};
		189FBC60C7EAE8234C713E1A = {
			isa = PBXFileReference;
			lastKnownFileType = wrapper.framework;
			name = IOKit.framework;
			path = System/Library/Frameworks/IOKit.framework;
			sourceTree = SDKROOT;
		};
		25CF8105D639485DFB240790 = {
			isa = PBXFileReference;
			lastKnownFileType = sourcecode.cpp.objcpp;
			name = "include_juce_audio_plugin_client_AU_2.mm";
			path = "../../JuceLibraryCode/include_juce_audio_plugin_client_AU_2.mm";
			sourceTree = "SOURCE_ROOT";
		};
		3138188EBC9AE2B502EA2CA4 = {
			isa = PBXFileReference;
			lastKnownFileType = sourcecode.cpp.objcpp;
			name = "include_juce_graphics.mm";
			path = "../../JuceLibraryCode/include_juce_graphics.mm";
			sourceTree = "SOURCE_ROOT";
		};
		3ABE43ADC8BCAB662B10EE28 = {
			isa = PBXFileReference;
			explicitFileType = wrapper.cfbundle;
			includeInIndex = 0;
			path = "Waveshaper 01.vst3";
			sourceTree = "BUILT_PRODUCTS_DIR";
		};
		6D2F914640B1A53ABAEB1CF1 = {
			isa = PBXFileReference;
			explicitFileType = wrapper.cfbundle;
			includeInIndex = 0;
			path = "Waveshaper 01.component";
			sourceTree = "BUILT_PRODUCTS_DIR";
		};
		14F07A56FD0B473BB564B252 = {
			isa = PBXFileReference;
			explicitFileType = archive.ar;
			includeInIndex = 0;
			path = "libWaveshaper 01.a";
			sourceTree = "BUILT_PRODUCTS_DIR";
		};
		379C4E5152E6906B2ECAC3F4 = {
			isa = PBXFileReference;
			lastKnownFileType = wrapper.framework;
			name = CoreAudio.framework;
			path = System/Library/Frameworks/CoreAudio.framework;
			sourceTree = SDKROOT;
		};
		3823BD0421E3C823C0DE7461 = {
			isa = PBXFileReference;
			lastKnownFileType = sourcecode.cpp.cpp;
			name = PluginProcessor.cpp;
			path = ../../Source/PluginProcessor.cpp;
			sourceTree = "SOURCE_ROOT";
		};
		38ACC092F71F9399A8845CDB = {
			isa = PBXFileReference;
			lastKnownFileType = wrapper.framework;
			name = Accelerate.framework;
			path = System/Library/Frameworks/Accelerate.framework;
			sourceTree = SDKROOT;
		};
		3CC8E7E0DDF2E9CECF252B90 = {
			isa = PBXFileReference;
			lastKnownFileType = wrapper.framework;
			name = CoreAudioKit.framework;
			path = System/Library/Frameworks/CoreAudioKit.framework;
			sourceTree = SDKROOT;
		};
		420897752D0ED59835BB9B62 = {
			isa = PBXFileReference;
			lastKnownFileType = sourcecode.cpp.objcpp;
			name = "include_juce_events.mm";
			path = "../../JuceLibraryCode/include_juce_events.mm";
			sourceTree = "SOURCE_ROOT";
		};
		48C3BF230AC19687CD3945C6 = {
			isa = PBXFileReference;
			lastKnownFileType = sourcecode.cpp.objcpp;
			name = "include_juce_audio_processors.mm";
			path = "../../JuceLibraryCode/include_juce_audio_processors.mm";
			sourceTree = "SOURCE_ROOT";
		};
		5A2C322B8540A0AF6694D9E8 = {
			isa = PBXFileReference;
			lastKnownFileType = sourcecode.c.h;
			name = PluginProcessor.h;
			path = ../../Source/PluginProcessor.h;
			sourceTree = "SOURCE_ROOT";
		};
		5B01C63675DE88BDACC4247B = {
			isa = PBXFileReference;
			lastKnownFileType = wrapper.framework;
			name = WebKit.framework;
			path = System/Library/Frameworks/WebKit.framework;
			sourceTree = SDKROOT;
		};
		5B1D2DE44E833383201575CE = {
			isa = PBXFileReference;
			lastKnownFileType = sourcecode.cpp.objcpp;
			name = "include_juce_audio_utils.mm";
			path = "../../JuceLibraryCode/include_juce_audio_utils.mm";
			sourceTree = "SOURCE_ROOT";
		};
		690C3D700BB9EA1DAA83833B = {
			isa = PBXFileReference;
			lastKnownFileType = wrapper.framework;
			name = QuartzCore.framework;
			path = System/Library/Frameworks/QuartzCore.framework;
			sourceTree = SDKROOT;
		};
		71741EDF80A2725CE26C4C9F = {
			isa = PBXFileReference;
			lastKnownFileType = sourcecode.cpp.objcpp;
			name = "include_juce_core.mm";
			path = "../../JuceLibraryCode/include_juce_core.mm";
			sourceTree = "SOURCE_ROOT";
		};
		7918D56204D9E33B2544E00E = {
			isa = PBXFileReference;
			lastKnownFileType = wrapper.framework;
			name = DiscRecording.framework;
			path = System/Library/Frameworks/DiscRecording.framework;
			sourceTree = SDKROOT;
		};
		7C99CD4446B25AC7D2B1C34A = {
			isa = PBXFileReference;
			lastKnownFileType = sourcecode.cpp.objcpp;
			name = "include_juce_gui_basics.mm";
			path = "../../JuceLibraryCode/include_juce_gui_basics.mm";
			sourceTree = "SOURCE_ROOT";
		};
		827AB5A83550244443BAD66D = {
			isa = PBXFileReference;
			lastKnownFileType = file;
			name = "juce_audio_devices";
			path = "/Users/colterulrich/Documents/JUCE/modules/juce_audio_devices";
			sourceTree = "<absolute>";
		};
		82B97BEDB1B30A9D89300E60 = {
			isa = PBXFileReference;
			lastKnownFileType = sourcecode.cpp.cpp;
			name = PluginEditor.cpp;
			path = ../../Source/PluginEditor.cpp;
			sourceTree = "SOURCE_ROOT";
		};
		844ADD8423F6C19C339D4512 = {
			isa = PBXFileReference;
			lastKnownFileType = file;
			name = "juce_data_structures";
			path = "/Users/colterulrich/Documents/JUCE/modules/juce_data_structures";
			sourceTree = "<absolute>";
		};
		854D31D2D355BA695ADABF9D = {
			isa = PBXFileReference;
			lastKnownFileType = file;
			name = "juce_gui_basics";
			path = "/Users/colterulrich/Documents/JUCE/modules/juce_gui_basics";
			sourceTree = "<absolute>";
		};
		85DF67C2810AC4F1F03E2E04 = {
			isa = PBXFileReference;
			lastKnownFileType = file.r;
			name = "include_juce_audio_plugin_client_AU.r";
			path = "../../JuceLibraryCode/include_juce_audio_plugin_client_AU.r";
			sourceTree = "SOURCE_ROOT";
		};
		9DDAF905F54D75A14576BB83 = {
			isa = PBXFileReference;
			lastKnownFileType = sourcecode.cpp.objcpp;
			name = "include_juce_audio_devices.mm";
			path = "../../JuceLibraryCode/include_juce_audio_devices.mm";
			sourceTree = "SOURCE_ROOT";
		};
		A101ECE1A18F2947BFF36B63 = {
			isa = PBXFileReference;
			lastKnownFileType = sourcecode.c.h;
			name = JucePluginDefines.h;
			path = ../../JuceLibraryCode/JucePluginDefines.h;
			sourceTree = "SOURCE_ROOT";
		};
		AB9C059CF9E6C5571865CF74 = {
			isa = PBXFileReference;
			lastKnownFileType = wrapper.framework;
			name = CoreMIDI.framework;
			path = System/Library/Frameworks/CoreMIDI.framework;
			sourceTree = SDKROOT;
		};
		AD59F4CCA21F5CD6986A4BE8 = {
			isa = PBXFileReference;
			lastKnownFileType = file;
			name = "juce_core";
			path = "/Users/colterulrich/Documents/JUCE/modules/juce_core";
			sourceTree = "<absolute>";
		};
		AEBC020A2C48A1C25D26494C = {
			isa = PBXFileReference;
			lastKnownFileType = file;
			name = "juce_audio_basics";
			path = "/Users/colterulrich/Documents/JUCE/modules/juce_audio_basics";
			sourceTree = "<absolute>";
		};
		B5D2653F1C21AEDF4D44C9CE = {
			isa = PBXFileReference;
			lastKnownFileType = wrapper.framework;
			name = Foundation.framework;
			path = System/Library/Frameworks/Foundation.framework;
			sourceTree = SDKROOT;
		};
		B7BAA799CB959CA640913E6E = {
			isa = PBXFileReference;
			lastKnownFileType = file;
			name = "juce_audio_plugin_client";
			path = "/Users/colterulrich/Documents/JUCE/modules/juce_audio_plugin_client";
			sourceTree = "<absolute>";
		};
		B9A037E8CAFB3B74C1833C2E = {
			isa = PBXFileReference;
			lastKnownFileType = wrapper.framework;
			name = Cocoa.framework;
			path = System/Library/Frameworks/Cocoa.framework;
			sourceTree = SDKROOT;
		};
		BA6416D6AE0CBB8EEBF5B130 = {
			isa = PBXFileReference;
			lastKnownFileType = file;
			name = "juce_audio_processors";
			path = "/Users/colterulrich/Documents/JUCE/modules/juce_audio_processors";
			sourceTree = "<absolute>";
		};
		BCA944C5BB94B8358571D7CB = {
			isa = PBXFileReference;
			lastKnownFileType = sourcecode.cpp.objcpp;
			name = "include_juce_audio_formats.mm";
			path = "../../JuceLibraryCode/include_juce_audio_formats.mm";
			sourceTree = "SOURCE_ROOT";
		};
		BF5E1F6529D115992BF75A60 = {
			isa = PBXFileReference;
			lastKnownFileType = sourcecode.cpp.cpp;
			name = "include_juce_audio_plugin_client_utils.cpp";
			path = "../../JuceLibraryCode/include_juce_audio_plugin_client_utils.cpp";
			sourceTree = "SOURCE_ROOT";
		};
		C575020C8D702D741F8EAA3A = {
			isa = PBXFileReference;
			lastKnownFileType = text.plist.xml;
			name = "Info-AU.plist";
			path = "Info-AU.plist";
			sourceTree = "SOURCE_ROOT";
		};
		C71FF123C994A554EDE2B2C5 = {
			isa = PBXFileReference;
			lastKnownFileType = text.plist.xml;
			name = "Info-VST3.plist";
			path = "Info-VST3.plist";
			sourceTree = "SOURCE_ROOT";
		};
		CB37E156C65621F8BDB3F913 = {
			isa = PBXFileReference;
			lastKnownFileType = sourcecode.cpp.cpp;
			name = "include_juce_audio_plugin_client_VST3.cpp";
			path = "../../JuceLibraryCode/include_juce_audio_plugin_client_VST3.cpp";
			sourceTree = "SOURCE_ROOT";
		};
		D59ADEE7FFBD138EC692127E = {
			isa = PBXFileReference;
			lastKnownFileType = file;
			name = "juce_graphics";
			path = "/Users/colterulrich/Documents/JUCE/modules/juce_graphics";
			sourceTree = "<absolute>";
		};
		D68739634985281154A8877B = {
			isa = PBXFileReference;
			lastKnownFileType = file.nib;
			name = RecentFilesMenuTemplate.nib;
			path = RecentFilesMenuTemplate.nib;
			sourceTree = "SOURCE_ROOT";
		};
		D6C4E6F0A1E91F9437653C2F = {
			isa = PBXFileReference;
			lastKnownFileType = wrapper.framework;
			name = AudioUnit.framework;
			path = System/Library/Frameworks/AudioUnit.framework;
			sourceTree = SDKROOT;
		};
		D8369F1C52C92E4F6D518A4C = {
			isa = PBXFileReference;
			lastKnownFileType = sourcecode.c.h;
			name = JuceHeader.h;
			path = ../../JuceLibraryCode/JuceHeader.h;
			sourceTree = "SOURCE_ROOT";
		};
		DDA335A6A0BC3F226182C06A = {
			isa = PBXFileReference;
			lastKnownFileType = sourcecode.cpp.objcpp;
			name = "include_juce_audio_plugin_client_VST_utils.mm";
			path = "../../JuceLibraryCode/include_juce_audio_plugin_client_VST_utils.mm";
			sourceTree = "SOURCE_ROOT";
		};
		E10702B3C914CFF12B79B667 = {
			isa = PBXFileReference;
			lastKnownFileType = sourcecode.c.h;
			name = PluginEditor.h;
			path = ../../Source/PluginEditor.h;
			sourceTree = "SOURCE_ROOT";
		};
		EC30ED16A2E96D7FBC37C8D1 = {
			isa = PBXFileReference;
			lastKnownFileType = wrapper.framework;
			name = Carbon.framework;
			path = System/Library/Frameworks/Carbon.framework;
			sourceTree = SDKROOT;
		};
		F376EC959A5807BB403D9450 = {
			isa = PBXFileReference;
			lastKnownFileType = file;
			name = "juce_audio_formats";
			path = "/Users/colterulrich/Documents/JUCE/modules/juce_audio_formats";
			sourceTree = "<absolute>";
		};
		F836586DF9815421165A54C7 = {
			isa = PBXFileReference;
			lastKnownFileType = wrapper.framework;
			name = AudioToolbox.framework;
			path = System/Library/Frameworks/AudioToolbox.framework;
			sourceTree = SDKROOT;
		};
		E1132C7091A3414FC3FBF742 = {
			isa = PBXGroup;
			children = (
				3823BD0421E3C823C0DE7461,
				5A2C322B8540A0AF6694D9E8,
				82B97BEDB1B30A9D89300E60,
				E10702B3C914CFF12B79B667,
			);
			name = Source;
			sourceTree = "<group>";
		};
		60B77804754946B68ABDF0C6 = {
			isa = PBXGroup;
			children = (
				E1132C7091A3414FC3FBF742,
			);
			name = "Waveshaper 01";
			sourceTree = "<group>";
		};
		5488701B93C2BC37130E4835 = {
			isa = PBXGroup;
			children = (
				AEBC020A2C48A1C25D26494C,
				827AB5A83550244443BAD66D,
				F376EC959A5807BB403D9450,
				B7BAA799CB959CA640913E6E,
				BA6416D6AE0CBB8EEBF5B130,
				01080CE02D274E0D3A9F5F8E,
				AD59F4CCA21F5CD6986A4BE8,
				844ADD8423F6C19C339D4512,
				0C2FF6B69614699930A97E0F,
				D59ADEE7FFBD138EC692127E,
				854D31D2D355BA695ADABF9D,
				10ED273ABC2059D0B03DC1DF,
			);
			name = "JUCE Modules";
			sourceTree = "<group>";
		};
		4F09DBAA41F73FF6BCC5893A = {
			isa = PBXGroup;
			children = (
				183A0AD619DD97183DE4328B,
				9DDAF905F54D75A14576BB83,
				BCA944C5BB94B8358571D7CB,
				85DF67C2810AC4F1F03E2E04,
				1248240D69D07D32760CB41F,
				25CF8105D639485DFB240790,
				BF5E1F6529D115992BF75A60,
				DDA335A6A0BC3F226182C06A,
				CB37E156C65621F8BDB3F913,
				48C3BF230AC19687CD3945C6,
				5B1D2DE44E833383201575CE,
				71741EDF80A2725CE26C4C9F,
				11FFEA910FC7F824B7D629BE,
				420897752D0ED59835BB9B62,
				3138188EBC9AE2B502EA2CA4,
				7C99CD4446B25AC7D2B1C34A,
				01E14208CC5E6236CD9635CC,
				D8369F1C52C92E4F6D518A4C,
				A101ECE1A18F2947BFF36B63,
			);
			name = "JUCE Library Code";
			sourceTree = "<group>";
		};
		EC821FECE453DCFEF3A6A204 = {
			isa = PBXGroup;
			children = (
				C71FF123C994A554EDE2B2C5,
				C575020C8D702D741F8EAA3A,
				D68739634985281154A8877B,
			);
			name = Resources;
			sourceTree = "<group>";
		};
		722B98E4E3A3FEF2E86EF663 = {
			isa = PBXGroup;
			children = (
				D6C4E6F0A1E91F9437653C2F,
				38ACC092F71F9399A8845CDB,
				F836586DF9815421165A54C7,
				EC30ED16A2E96D7FBC37C8D1,
				B9A037E8CAFB3B74C1833C2E,
				379C4E5152E6906B2ECAC3F4,
				3CC8E7E0DDF2E9CECF252B90,
				AB9C059CF9E6C5571865CF74,
				7918D56204D9E33B2544E00E,
				B5D2653F1C21AEDF4D44C9CE,
				189FBC60C7EAE8234C713E1A,
				690C3D700BB9EA1DAA83833B,
				5B01C63675DE88BDACC4247B,
			);
			name = Frameworks;
			sourceTree = "<group>";
		};
		A2F3CE06082A4F3535F4EE80 = {
			isa = PBXGroup;
			children = (
				3ABE43ADC8BCAB662B10EE28,
				6D2F914640B1A53ABAEB1CF1,
				14F07A56FD0B473BB564B252,
			);
			name = Products;
			sourceTree = "<group>";
		};
		98138F9505645254A4ABEACF = {
			isa = PBXGroup;
			children = (
				60B77804754946B68ABDF0C6,
				5488701B93C2BC37130E4835,
				4F09DBAA41F73FF6BCC5893A,
				EC821FECE453DCFEF3A6A204,
				722B98E4E3A3FEF2E86EF663,
				A2F3CE06082A4F3535F4EE80,
			);
			name = Source;
			sourceTree = "<group>";
		};
		D20D1059E790E949D62C92DB = {
			isa = PBXTargetDependency;
			target = 0086F1A9EC866300C8DB0236;
		};
		943CAF03644F8C3E3F84B594 = {
			isa = PBXTargetDependency;
			target = 245F795BC41EA44E5D869675;
		};
		E01413877524DE09A5AE5AAF = {
			isa = PBXTargetDependency;
			target = 6CDB74831CD904FE18E5C9FC;
		};
		7B964453ECA408E248AC38D7 = {
			isa = PBXTargetDependency;
			target = 6CDB74831CD904FE18E5C9FC;
		};
		BFE3D870778A7E24F3E68C2C = {
			isa = PBXTargetDependency;
			target = 6CDB74831CD904FE18E5C9FC;
		};
		2F5E1969EAA3FD23812B7630 = {
			isa = XCBuildConfiguration;
			buildSettings = {
				MACOSX_DEPLOYMENT_TARGET = 10.11;
				SDKROOT = macosx;
			};
			name = Debug;
		};
		9F39952382DE40A6049E4120 = {
			isa = XCBuildConfiguration;
			buildSettings = {
				MACOSX_DEPLOYMENT_TARGET = 10.11;
				SDKROOT = macosx;
			};
			name = Release;
		};
		D260EE99BA8EE8DCF9330018 = {
			isa = XCBuildConfiguration;
			buildSettings = {
				CLANG_CXX_LANGUAGE_STANDARD = "c++14";
				CLANG_CXX_LIBRARY = "libc++";
				CLANG_LINK_OBJC_RUNTIME = NO;
				CODE_SIGN_IDENTITY = "";
				COMBINE_HIDPI_IMAGES = YES;
				CONFIGURATION_BUILD_DIR = "$(PROJECT_DIR)/build/$(CONFIGURATION)";
				COPY_PHASE_STRIP = NO;
				DEPLOYMENT_LOCATION = YES;
				DSTROOT = /;
				GCC_DYNAMIC_NO_PIC = NO;
				GCC_OPTIMIZATION_LEVEL = 0;
				GCC_PREPROCESSOR_DEFINITIONS = (
					"_DEBUG=1",
					"DEBUG=1",
					"JUCE_DISPLAY_SPLASH_SCREEN=1",
					"JUCE_USE_DARK_SPLASH_SCREEN=1",
					"JUCE_PROJUCER_VERSION=0x60007",
					"JUCE_MODULE_AVAILABLE_juce_audio_basics=1",
					"JUCE_MODULE_AVAILABLE_juce_audio_devices=1",
					"JUCE_MODULE_AVAILABLE_juce_audio_formats=1",
					"JUCE_MODULE_AVAILABLE_juce_audio_plugin_client=1",
					"JUCE_MODULE_AVAILABLE_juce_audio_processors=1",
					"JUCE_MODULE_AVAILABLE_juce_audio_utils=1",
					"JUCE_MODULE_AVAILABLE_juce_core=1",
					"JUCE_MODULE_AVAILABLE_juce_data_structures=1",
					"JUCE_MODULE_AVAILABLE_juce_events=1",
					"JUCE_MODULE_AVAILABLE_juce_graphics=1",
					"JUCE_MODULE_AVAILABLE_juce_gui_basics=1",
					"JUCE_MODULE_AVAILABLE_juce_gui_extra=1",
					"JUCE_GLOBAL_MODULE_SETTINGS_INCLUDED=1",
					"JUCE_VST3_CAN_REPLACE_VST2=0",
					"JUCE_STRICT_REFCOUNTEDPOINTER=1",
					"JucePlugin_Build_VST=0",
					"JucePlugin_Build_VST3=1",
					"JucePlugin_Build_AU=0",
					"JucePlugin_Build_AUv3=0",
					"JucePlugin_Build_RTAS=0",
					"JucePlugin_Build_AAX=0",
					"JucePlugin_Build_Standalone=0",
					"JucePlugin_Build_Unity=0",
					"JucePlugin_Enable_IAA=0",
					"JucePlugin_Name=\\\"Waveshaper\\ 01\\\"",
					"JucePlugin_Desc=\\\"Waveshaper\\ 01\\\"",
					"JucePlugin_Manufacturer=\\\"Family\\ Time\\\"",
					"JucePlugin_ManufacturerWebsite=\\\"\\\"",
					"JucePlugin_ManufacturerEmail=\\\"\\\"",
					"JucePlugin_ManufacturerCode=0x4d616e75",
					"JucePlugin_PluginCode=0x4b676475",
					"JucePlugin_IsSynth=0",
					"JucePlugin_WantsMidiInput=0",
					"JucePlugin_ProducesMidiOutput=0",
					"JucePlugin_IsMidiEffect=0",
					"JucePlugin_EditorRequiresKeyboardFocus=0",
					"JucePlugin_Version=1.0.0",
					"JucePlugin_VersionCode=0x10000",
					"JucePlugin_VersionString=\\\"1.0.0\\\"",
					"JucePlugin_VSTUniqueID=JucePlugin_PluginCode",
					"JucePlugin_VSTCategory=kPlugCategEffect",
					"JucePlugin_Vst3Category=\\\"Fx\\\"",
					"JucePlugin_AUMainType='aufx'",
					"JucePlugin_AUSubType=JucePlugin_PluginCode",
					"JucePlugin_AUExportPrefix=Waveshaper01AU",
					"JucePlugin_AUExportPrefixQuoted=\\\"Waveshaper01AU\\\"",
					"JucePlugin_AUManufacturerCode=JucePlugin_ManufacturerCode",
					"JucePlugin_CFBundleIdentifier=com.FamilyTime.Waveshaper01",
					"JucePlugin_RTASCategory=0",
					"JucePlugin_RTASManufacturerCode=JucePlugin_ManufacturerCode",
					"JucePlugin_RTASProductId=JucePlugin_PluginCode",
					"JucePlugin_RTASDisableBypass=0",
					"JucePlugin_RTASDisableMultiMono=0",
					"JucePlugin_AAXIdentifier=com.FamilyTime.Waveshaper01",
					"JucePlugin_AAXManufacturerCode=JucePlugin_ManufacturerCode",
					"JucePlugin_AAXProductId=JucePlugin_PluginCode",
					"JucePlugin_AAXCategory=0",
					"JucePlugin_AAXDisableBypass=0",
					"JucePlugin_AAXDisableMultiMono=0",
					"JucePlugin_IAAType=0x61757278",
					"JucePlugin_IAASubType=JucePlugin_PluginCode",
					"JucePlugin_IAAName=\\\"Family\\ Time:\\ Waveshaper\\ 01\\\"",
					"JucePlugin_VSTNumMidiInputs=16",
					"JucePlugin_VSTNumMidiOutputs=16",
					"JUCE_STANDALONE_APPLICATION=JucePlugin_Build_Standalone",
					"JUCER_XCODE_MAC_F6D2F4CF=1",
					"JUCE_APP_VERSION=1.0.0",
					"JUCE_APP_VERSION_HEX=0x10000",
				);
				GCC_VERSION = com.apple.compilers.llvm.clang.1_0;
				GENERATE_PKGINFO_FILE = YES;
				HEADER_SEARCH_PATHS = (
					"/Users/colterulrich/Documents/JUCE/modules/juce_audio_processors/format_types/VST3_SDK",
					"$(SRCROOT)/../../JuceLibraryCode",
					"/Users/colterulrich/Documents/JUCE/modules",
					"/Users/colterulrich/Documents/JUCE/modules/juce_audio_plugin_client",
					"$(inherited)",
				);
				INFOPLIST_FILE = Info-VST3.plist;
				INFOPLIST_PREPROCESS = NO;
				INSTALL_PATH = "$(HOME)/Library/Audio/Plug-Ins/VST3/";
				LIBRARY_STYLE = Bundle;
				MACOSX_DEPLOYMENT_TARGET = 10.11;
				MTL_HEADER_SEARCH_PATHS = (
					"/Users/colterulrich/Documents/JUCE/modules/juce_audio_processors/format_types/VST3_SDK",
					"$(SRCROOT)/../../JuceLibraryCode",
					"/Users/colterulrich/Documents/JUCE/modules",
					"/Users/colterulrich/Documents/JUCE/modules/juce_audio_plugin_client",
				);
				OTHER_LDFLAGS = "-bundle -lWaveshaper\\ 01";
				PRODUCT_BUNDLE_IDENTIFIER = com.FamilyTime.Waveshaper01;
				PRODUCT_NAME = "Waveshaper 01";
				USE_HEADERMAP = NO;
				VALID_ARCHS = "i386 x86_64 arm64 arm64e";
				WRAPPER_EXTENSION = vst3;
			};
			name = Debug;
		};
		477756205DE482D66BD4F25F = {
			isa = XCBuildConfiguration;
			buildSettings = {
				CLANG_CXX_LANGUAGE_STANDARD = "c++14";
				CLANG_CXX_LIBRARY = "libc++";
				CLANG_LINK_OBJC_RUNTIME = NO;
				CODE_SIGN_IDENTITY = "";
				COMBINE_HIDPI_IMAGES = YES;
				CONFIGURATION_BUILD_DIR = "$(PROJECT_DIR)/build/$(CONFIGURATION)";
				DEAD_CODE_STRIPPING = YES;
				DEPLOYMENT_LOCATION = YES;
				DSTROOT = /;
				GCC_GENERATE_DEBUGGING_SYMBOLS = NO;
				GCC_OPTIMIZATION_LEVEL = 3;
				GCC_PREPROCESSOR_DEFINITIONS = (
					"_NDEBUG=1",
					"NDEBUG=1",
					"JUCE_DISPLAY_SPLASH_SCREEN=1",
					"JUCE_USE_DARK_SPLASH_SCREEN=1",
					"JUCE_PROJUCER_VERSION=0x60007",
					"JUCE_MODULE_AVAILABLE_juce_audio_basics=1",
					"JUCE_MODULE_AVAILABLE_juce_audio_devices=1",
					"JUCE_MODULE_AVAILABLE_juce_audio_formats=1",
					"JUCE_MODULE_AVAILABLE_juce_audio_plugin_client=1",
					"JUCE_MODULE_AVAILABLE_juce_audio_processors=1",
					"JUCE_MODULE_AVAILABLE_juce_audio_utils=1",
					"JUCE_MODULE_AVAILABLE_juce_core=1",
					"JUCE_MODULE_AVAILABLE_juce_data_structures=1",
					"JUCE_MODULE_AVAILABLE_juce_events=1",
					"JUCE_MODULE_AVAILABLE_juce_graphics=1",
					"JUCE_MODULE_AVAILABLE_juce_gui_basics=1",
					"JUCE_MODULE_AVAILABLE_juce_gui_extra=1",
					"JUCE_GLOBAL_MODULE_SETTINGS_INCLUDED=1",
					"JUCE_VST3_CAN_REPLACE_VST2=0",
					"JUCE_STRICT_REFCOUNTEDPOINTER=1",
					"JucePlugin_Build_VST=0",
					"JucePlugin_Build_VST3=1",
					"JucePlugin_Build_AU=0",
					"JucePlugin_Build_AUv3=0",
					"JucePlugin_Build_RTAS=0",
					"JucePlugin_Build_AAX=0",
					"JucePlugin_Build_Standalone=0",
					"JucePlugin_Build_Unity=0",
					"JucePlugin_Enable_IAA=0",
					"JucePlugin_Name=\\\"Waveshaper\\ 01\\\"",
					"JucePlugin_Desc=\\\"Waveshaper\\ 01\\\"",
					"JucePlugin_Manufacturer=\\\"Family\\ Time\\\"",
					"JucePlugin_ManufacturerWebsite=\\\"\\\"",
					"JucePlugin_ManufacturerEmail=\\\"\\\"",
					"JucePlugin_ManufacturerCode=0x4d616e75",
					"JucePlugin_PluginCode=0x4b676475",
					"JucePlugin_IsSynth=0",
					"JucePlugin_WantsMidiInput=0",
					"JucePlugin_ProducesMidiOutput=0",
					"JucePlugin_IsMidiEffect=0",
					"JucePlugin_EditorRequiresKeyboardFocus=0",
					"JucePlugin_Version=1.0.0",
					"JucePlugin_VersionCode=0x10000",
					"JucePlugin_VersionString=\\\"1.0.0\\\"",
					"JucePlugin_VSTUniqueID=JucePlugin_PluginCode",
					"JucePlugin_VSTCategory=kPlugCategEffect",
					"JucePlugin_Vst3Category=\\\"Fx\\\"",
					"JucePlugin_AUMainType='aufx'",
					"JucePlugin_AUSubType=JucePlugin_PluginCode",
					"JucePlugin_AUExportPrefix=Waveshaper01AU",
					"JucePlugin_AUExportPrefixQuoted=\\\"Waveshaper01AU\\\"",
					"JucePlugin_AUManufacturerCode=JucePlugin_ManufacturerCode",
					"JucePlugin_CFBundleIdentifier=com.FamilyTime.Waveshaper01",
					"JucePlugin_RTASCategory=0",
					"JucePlugin_RTASManufacturerCode=JucePlugin_ManufacturerCode",
					"JucePlugin_RTASProductId=JucePlugin_PluginCode",
					"JucePlugin_RTASDisableBypass=0",
					"JucePlugin_RTASDisableMultiMono=0",
					"JucePlugin_AAXIdentifier=com.FamilyTime.Waveshaper01",
					"JucePlugin_AAXManufacturerCode=JucePlugin_ManufacturerCode",
					"JucePlugin_AAXProductId=JucePlugin_PluginCode",
					"JucePlugin_AAXCategory=0",
					"JucePlugin_AAXDisableBypass=0",
					"JucePlugin_AAXDisableMultiMono=0",
					"JucePlugin_IAAType=0x61757278",
					"JucePlugin_IAASubType=JucePlugin_PluginCode",
					"JucePlugin_IAAName=\\\"Family\\ Time:\\ Waveshaper\\ 01\\\"",
					"JucePlugin_VSTNumMidiInputs=16",
					"JucePlugin_VSTNumMidiOutputs=16",
					"JUCE_STANDALONE_APPLICATION=JucePlugin_Build_Standalone",
					"JUCER_XCODE_MAC_F6D2F4CF=1",
					"JUCE_APP_VERSION=1.0.0",
					"JUCE_APP_VERSION_HEX=0x10000",
				);
				GCC_VERSION = com.apple.compilers.llvm.clang.1_0;
				GENERATE_PKGINFO_FILE = YES;
				HEADER_SEARCH_PATHS = (
					"/Users/colterulrich/Documents/JUCE/modules/juce_audio_processors/format_types/VST3_SDK",
					"$(SRCROOT)/../../JuceLibraryCode",
					"/Users/colterulrich/Documents/JUCE/modules",
					"/Users/colterulrich/Documents/JUCE/modules/juce_audio_plugin_client",
					"$(inherited)",
				);
				INFOPLIST_FILE = Info-VST3.plist;
				INFOPLIST_PREPROCESS = NO;
				INSTALL_PATH = "$(HOME)/Library/Audio/Plug-Ins/VST3/";
				LIBRARY_STYLE = Bundle;
				LLVM_LTO = YES;
				MACOSX_DEPLOYMENT_TARGET = 10.11;
				MTL_HEADER_SEARCH_PATHS = (
					"/Users/colterulrich/Documents/JUCE/modules/juce_audio_processors/format_types/VST3_SDK",
					"$(SRCROOT)/../../JuceLibraryCode",
					"/Users/colterulrich/Documents/JUCE/modules",
					"/Users/colterulrich/Documents/JUCE/modules/juce_audio_plugin_client",
				);
				OTHER_LDFLAGS = "-bundle -lWaveshaper\\ 01";
				PRODUCT_BUNDLE_IDENTIFIER = com.FamilyTime.Waveshaper01;
				PRODUCT_NAME = "Waveshaper 01";
				USE_HEADERMAP = NO;
				VALID_ARCHS = "i386 x86_64 arm64 arm64e";
				WRAPPER_EXTENSION = vst3;
			};
			name = Release;
		};
		09772A4B3BA3E9517197F34C = {
			isa = XCBuildConfiguration;
			buildSettings = {
				CLANG_CXX_LANGUAGE_STANDARD = "c++14";
				CLANG_CXX_LIBRARY = "libc++";
				CLANG_LINK_OBJC_RUNTIME = NO;
				CODE_SIGN_IDENTITY = "";
				COMBINE_HIDPI_IMAGES = YES;
				CONFIGURATION_BUILD_DIR = "$(PROJECT_DIR)/build/$(CONFIGURATION)";
				COPY_PHASE_STRIP = NO;
				DEPLOYMENT_LOCATION = YES;
				DSTROOT = /;
				GCC_DYNAMIC_NO_PIC = NO;
				GCC_OPTIMIZATION_LEVEL = 0;
				GCC_PREPROCESSOR_DEFINITIONS = (
					"_DEBUG=1",
					"DEBUG=1",
					"JUCE_DISPLAY_SPLASH_SCREEN=1",
					"JUCE_USE_DARK_SPLASH_SCREEN=1",
					"JUCE_PROJUCER_VERSION=0x60007",
					"JUCE_MODULE_AVAILABLE_juce_audio_basics=1",
					"JUCE_MODULE_AVAILABLE_juce_audio_devices=1",
					"JUCE_MODULE_AVAILABLE_juce_audio_formats=1",
					"JUCE_MODULE_AVAILABLE_juce_audio_plugin_client=1",
					"JUCE_MODULE_AVAILABLE_juce_audio_processors=1",
					"JUCE_MODULE_AVAILABLE_juce_audio_utils=1",
					"JUCE_MODULE_AVAILABLE_juce_core=1",
					"JUCE_MODULE_AVAILABLE_juce_data_structures=1",
					"JUCE_MODULE_AVAILABLE_juce_events=1",
					"JUCE_MODULE_AVAILABLE_juce_graphics=1",
					"JUCE_MODULE_AVAILABLE_juce_gui_basics=1",
					"JUCE_MODULE_AVAILABLE_juce_gui_extra=1",
					"JUCE_GLOBAL_MODULE_SETTINGS_INCLUDED=1",
					"JUCE_VST3_CAN_REPLACE_VST2=0",
					"JUCE_STRICT_REFCOUNTEDPOINTER=1",
					"JucePlugin_Build_VST=0",
					"JucePlugin_Build_VST3=0",
					"JucePlugin_Build_AU=1",
					"JucePlugin_Build_AUv3=0",
					"JucePlugin_Build_RTAS=0",
					"JucePlugin_Build_AAX=0",
					"JucePlugin_Build_Standalone=0",
					"JucePlugin_Build_Unity=0",
					"JucePlugin_Enable_IAA=0",
					"JucePlugin_Name=\\\"Waveshaper\\ 01\\\"",
					"JucePlugin_Desc=\\\"Waveshaper\\ 01\\\"",
					"JucePlugin_Manufacturer=\\\"Family\\ Time\\\"",
					"JucePlugin_ManufacturerWebsite=\\\"\\\"",
					"JucePlugin_ManufacturerEmail=\\\"\\\"",
					"JucePlugin_ManufacturerCode=0x4d616e75",
					"JucePlugin_PluginCode=0x4b676475",
					"JucePlugin_IsSynth=0",
					"JucePlugin_WantsMidiInput=0",
					"JucePlugin_ProducesMidiOutput=0",
					"JucePlugin_IsMidiEffect=0",
					"JucePlugin_EditorRequiresKeyboardFocus=0",
					"JucePlugin_Version=1.0.0",
					"JucePlugin_VersionCode=0x10000",
					"JucePlugin_VersionString=\\\"1.0.0\\\"",
					"JucePlugin_VSTUniqueID=JucePlugin_PluginCode",
					"JucePlugin_VSTCategory=kPlugCategEffect",
					"JucePlugin_Vst3Category=\\\"Fx\\\"",
					"JucePlugin_AUMainType='aufx'",
					"JucePlugin_AUSubType=JucePlugin_PluginCode",
					"JucePlugin_AUExportPrefix=Waveshaper01AU",
					"JucePlugin_AUExportPrefixQuoted=\\\"Waveshaper01AU\\\"",
					"JucePlugin_AUManufacturerCode=JucePlugin_ManufacturerCode",
					"JucePlugin_CFBundleIdentifier=com.FamilyTime.Waveshaper01",
					"JucePlugin_RTASCategory=0",
					"JucePlugin_RTASManufacturerCode=JucePlugin_ManufacturerCode",
					"JucePlugin_RTASProductId=JucePlugin_PluginCode",
					"JucePlugin_RTASDisableBypass=0",
					"JucePlugin_RTASDisableMultiMono=0",
					"JucePlugin_AAXIdentifier=com.FamilyTime.Waveshaper01",
					"JucePlugin_AAXManufacturerCode=JucePlugin_ManufacturerCode",
					"JucePlugin_AAXProductId=JucePlugin_PluginCode",
					"JucePlugin_AAXCategory=0",
					"JucePlugin_AAXDisableBypass=0",
					"JucePlugin_AAXDisableMultiMono=0",
					"JucePlugin_IAAType=0x61757278",
					"JucePlugin_IAASubType=JucePlugin_PluginCode",
					"JucePlugin_IAAName=\\\"Family\\ Time:\\ Waveshaper\\ 01\\\"",
					"JucePlugin_VSTNumMidiInputs=16",
					"JucePlugin_VSTNumMidiOutputs=16",
					"JUCE_STANDALONE_APPLICATION=JucePlugin_Build_Standalone",
					"JUCER_XCODE_MAC_F6D2F4CF=1",
					"JUCE_APP_VERSION=1.0.0",
					"JUCE_APP_VERSION_HEX=0x10000",
				);
				GCC_VERSION = com.apple.compilers.llvm.clang.1_0;
				GENERATE_PKGINFO_FILE = YES;
				HEADER_SEARCH_PATHS = (
					"/Users/colterulrich/Documents/JUCE/modules/juce_audio_processors/format_types/VST3_SDK",
					"$(SRCROOT)/../../JuceLibraryCode",
					"/Users/colterulrich/Documents/JUCE/modules",
					"/Users/colterulrich/Documents/JUCE/modules/juce_audio_plugin_client",
					"$(inherited)",
				);
				INFOPLIST_FILE = Info-AU.plist;
				INFOPLIST_PREPROCESS = NO;
				INSTALL_PATH = "$(HOME)/Library/Audio/Plug-Ins/Components/";
				LIBRARY_STYLE = Bundle;
				MACOSX_DEPLOYMENT_TARGET = 10.11;
				MTL_HEADER_SEARCH_PATHS = (
					"/Users/colterulrich/Documents/JUCE/modules/juce_audio_processors/format_types/VST3_SDK",
					"$(SRCROOT)/../../JuceLibraryCode",
					"/Users/colterulrich/Documents/JUCE/modules",
					"/Users/colterulrich/Documents/JUCE/modules/juce_audio_plugin_client",
				);
				OTHER_LDFLAGS = "-bundle -lWaveshaper\\ 01";
				OTHER_REZFLAGS = "-d ppc_$ppc -d i386_$i386 -d ppc64_$ppc64 -d x86_64_$x86_64 -I /System/Library/Frameworks/CoreServices.framework/Frameworks/CarbonCore.framework/Versions/A/Headers -I \"$(DEVELOPER_DIR)/Extras/CoreAudio/AudioUnits/AUPublic/AUBase\" -I \"$(DEVELOPER_DIR)/Platforms/MacOSX.platform/Developer/SDKs/MacOSX.sdk/System/Library/Frameworks/AudioUnit.framework/Headers\"";
				PRODUCT_BUNDLE_IDENTIFIER = com.FamilyTime.Waveshaper01;
				PRODUCT_NAME = "Waveshaper 01";
				USE_HEADERMAP = NO;
				VALID_ARCHS = "i386 x86_64 arm64 arm64e";
				WRAPPER_EXTENSION = component;
			};
			name = Debug;
		};
		24A80777D9BC9C418D6E1D0B = {
			isa = XCBuildConfiguration;
			buildSettings = {
				CLANG_CXX_LANGUAGE_STANDARD = "c++14";
				CLANG_CXX_LIBRARY = "libc++";
				CLANG_LINK_OBJC_RUNTIME = NO;
				CODE_SIGN_IDENTITY = "";
				COMBINE_HIDPI_IMAGES = YES;
				CONFIGURATION_BUILD_DIR = "$(PROJECT_DIR)/build/$(CONFIGURATION)";
				DEAD_CODE_STRIPPING = YES;
				DEPLOYMENT_LOCATION = YES;
				DSTROOT = /;
				GCC_GENERATE_DEBUGGING_SYMBOLS = NO;
				GCC_OPTIMIZATION_LEVEL = 3;
				GCC_PREPROCESSOR_DEFINITIONS = (
					"_NDEBUG=1",
					"NDEBUG=1",
					"JUCE_DISPLAY_SPLASH_SCREEN=1",
					"JUCE_USE_DARK_SPLASH_SCREEN=1",
					"JUCE_PROJUCER_VERSION=0x60007",
					"JUCE_MODULE_AVAILABLE_juce_audio_basics=1",
					"JUCE_MODULE_AVAILABLE_juce_audio_devices=1",
					"JUCE_MODULE_AVAILABLE_juce_audio_formats=1",
					"JUCE_MODULE_AVAILABLE_juce_audio_plugin_client=1",
					"JUCE_MODULE_AVAILABLE_juce_audio_processors=1",
					"JUCE_MODULE_AVAILABLE_juce_audio_utils=1",
					"JUCE_MODULE_AVAILABLE_juce_core=1",
					"JUCE_MODULE_AVAILABLE_juce_data_structures=1",
					"JUCE_MODULE_AVAILABLE_juce_events=1",
					"JUCE_MODULE_AVAILABLE_juce_graphics=1",
					"JUCE_MODULE_AVAILABLE_juce_gui_basics=1",
					"JUCE_MODULE_AVAILABLE_juce_gui_extra=1",
					"JUCE_GLOBAL_MODULE_SETTINGS_INCLUDED=1",
					"JUCE_VST3_CAN_REPLACE_VST2=0",
					"JUCE_STRICT_REFCOUNTEDPOINTER=1",
					"JucePlugin_Build_VST=0",
					"JucePlugin_Build_VST3=0",
					"JucePlugin_Build_AU=1",
					"JucePlugin_Build_AUv3=0",
					"JucePlugin_Build_RTAS=0",
					"JucePlugin_Build_AAX=0",
					"JucePlugin_Build_Standalone=0",
					"JucePlugin_Build_Unity=0",
					"JucePlugin_Enable_IAA=0",
					"JucePlugin_Name=\\\"Waveshaper\\ 01\\\"",
					"JucePlugin_Desc=\\\"Waveshaper\\ 01\\\"",
					"JucePlugin_Manufacturer=\\\"Family\\ Time\\\"",
					"JucePlugin_ManufacturerWebsite=\\\"\\\"",
					"JucePlugin_ManufacturerEmail=\\\"\\\"",
					"JucePlugin_ManufacturerCode=0x4d616e75",
					"JucePlugin_PluginCode=0x4b676475",
					"JucePlugin_IsSynth=0",
					"JucePlugin_WantsMidiInput=0",
					"JucePlugin_ProducesMidiOutput=0",
					"JucePlugin_IsMidiEffect=0",
					"JucePlugin_EditorRequiresKeyboardFocus=0",
					"JucePlugin_Version=1.0.0",
					"JucePlugin_VersionCode=0x10000",
					"JucePlugin_VersionString=\\\"1.0.0\\\"",
					"JucePlugin_VSTUniqueID=JucePlugin_PluginCode",
					"JucePlugin_VSTCategory=kPlugCategEffect",
					"JucePlugin_Vst3Category=\\\"Fx\\\"",
					"JucePlugin_AUMainType='aufx'",
					"JucePlugin_AUSubType=JucePlugin_PluginCode",
					"JucePlugin_AUExportPrefix=Waveshaper01AU",
					"JucePlugin_AUExportPrefixQuoted=\\\"Waveshaper01AU\\\"",
					"JucePlugin_AUManufacturerCode=JucePlugin_ManufacturerCode",
					"JucePlugin_CFBundleIdentifier=com.FamilyTime.Waveshaper01",
					"JucePlugin_RTASCategory=0",
					"JucePlugin_RTASManufacturerCode=JucePlugin_ManufacturerCode",
					"JucePlugin_RTASProductId=JucePlugin_PluginCode",
					"JucePlugin_RTASDisableBypass=0",
					"JucePlugin_RTASDisableMultiMono=0",
					"JucePlugin_AAXIdentifier=com.FamilyTime.Waveshaper01",
					"JucePlugin_AAXManufacturerCode=JucePlugin_ManufacturerCode",
					"JucePlugin_AAXProductId=JucePlugin_PluginCode",
					"JucePlugin_AAXCategory=0",
					"JucePlugin_AAXDisableBypass=0",
					"JucePlugin_AAXDisableMultiMono=0",
					"JucePlugin_IAAType=0x61757278",
					"JucePlugin_IAASubType=JucePlugin_PluginCode",
					"JucePlugin_IAAName=\\\"Family\\ Time:\\ Waveshaper\\ 01\\\"",
					"JucePlugin_VSTNumMidiInputs=16",
					"JucePlugin_VSTNumMidiOutputs=16",
					"JUCE_STANDALONE_APPLICATION=JucePlugin_Build_Standalone",
					"JUCER_XCODE_MAC_F6D2F4CF=1",
					"JUCE_APP_VERSION=1.0.0",
					"JUCE_APP_VERSION_HEX=0x10000",
				);
				GCC_VERSION = com.apple.compilers.llvm.clang.1_0;
				GENERATE_PKGINFO_FILE = YES;
				HEADER_SEARCH_PATHS = (
					"/Users/colterulrich/Documents/JUCE/modules/juce_audio_processors/format_types/VST3_SDK",
					"$(SRCROOT)/../../JuceLibraryCode",
					"/Users/colterulrich/Documents/JUCE/modules",
					"/Users/colterulrich/Documents/JUCE/modules/juce_audio_plugin_client",
					"$(inherited)",
				);
				INFOPLIST_FILE = Info-AU.plist;
				INFOPLIST_PREPROCESS = NO;
				INSTALL_PATH = "$(HOME)/Library/Audio/Plug-Ins/Components/";
				LIBRARY_STYLE = Bundle;
				LLVM_LTO = YES;
				MACOSX_DEPLOYMENT_TARGET = 10.11;
				MTL_HEADER_SEARCH_PATHS = (
					"/Users/colterulrich/Documents/JUCE/modules/juce_audio_processors/format_types/VST3_SDK",
					"$(SRCROOT)/../../JuceLibraryCode",
					"/Users/colterulrich/Documents/JUCE/modules",
					"/Users/colterulrich/Documents/JUCE/modules/juce_audio_plugin_client",
				);
				OTHER_LDFLAGS = "-bundle -lWaveshaper\\ 01";
				OTHER_REZFLAGS = "-d ppc_$ppc -d i386_$i386 -d ppc64_$ppc64 -d x86_64_$x86_64 -I /System/Library/Frameworks/CoreServices.framework/Frameworks/CarbonCore.framework/Versions/A/Headers -I \"$(DEVELOPER_DIR)/Extras/CoreAudio/AudioUnits/AUPublic/AUBase\" -I \"$(DEVELOPER_DIR)/Platforms/MacOSX.platform/Developer/SDKs/MacOSX.sdk/System/Library/Frameworks/AudioUnit.framework/Headers\"";
				PRODUCT_BUNDLE_IDENTIFIER = com.FamilyTime.Waveshaper01;
				PRODUCT_NAME = "Waveshaper 01";
				USE_HEADERMAP = NO;
				VALID_ARCHS = "i386 x86_64 arm64 arm64e";
				WRAPPER_EXTENSION = component;
			};
			name = Release;
		};
		4F4982247C927E1F0435AD9F = {
			isa = XCBuildConfiguration;
			buildSettings = {
				CLANG_CXX_LANGUAGE_STANDARD = "c++14";
				CLANG_CXX_LIBRARY = "libc++";
				CLANG_LINK_OBJC_RUNTIME = NO;
				CODE_SIGN_IDENTITY = "";
				COMBINE_HIDPI_IMAGES = YES;
				CONFIGURATION_BUILD_DIR = "$(PROJECT_DIR)/build/$(CONFIGURATION)";
				COPY_PHASE_STRIP = NO;
				GCC_DYNAMIC_NO_PIC = NO;
				GCC_OPTIMIZATION_LEVEL = 0;
				GCC_PREPROCESSOR_DEFINITIONS = (
					"_DEBUG=1",
					"DEBUG=1",
					"JUCE_DISPLAY_SPLASH_SCREEN=1",
					"JUCE_USE_DARK_SPLASH_SCREEN=1",
					"JUCE_PROJUCER_VERSION=0x60007",
					"JUCE_MODULE_AVAILABLE_juce_audio_basics=1",
					"JUCE_MODULE_AVAILABLE_juce_audio_devices=1",
					"JUCE_MODULE_AVAILABLE_juce_audio_formats=1",
					"JUCE_MODULE_AVAILABLE_juce_audio_plugin_client=1",
					"JUCE_MODULE_AVAILABLE_juce_audio_processors=1",
					"JUCE_MODULE_AVAILABLE_juce_audio_utils=1",
					"JUCE_MODULE_AVAILABLE_juce_core=1",
					"JUCE_MODULE_AVAILABLE_juce_data_structures=1",
					"JUCE_MODULE_AVAILABLE_juce_events=1",
					"JUCE_MODULE_AVAILABLE_juce_graphics=1",
					"JUCE_MODULE_AVAILABLE_juce_gui_basics=1",
					"JUCE_MODULE_AVAILABLE_juce_gui_extra=1",
					"JUCE_GLOBAL_MODULE_SETTINGS_INCLUDED=1",
					"JUCE_VST3_CAN_REPLACE_VST2=0",
					"JUCE_STRICT_REFCOUNTEDPOINTER=1",
					"JucePlugin_Build_VST=0",
					"JucePlugin_Build_VST3=1",
					"JucePlugin_Build_AU=1",
					"JucePlugin_Build_AUv3=0",
					"JucePlugin_Build_RTAS=0",
					"JucePlugin_Build_AAX=0",
					"JucePlugin_Build_Standalone=0",
					"JucePlugin_Build_Unity=0",
					"JucePlugin_Enable_IAA=0",
					"JucePlugin_Name=\\\"Waveshaper\\ 01\\\"",
					"JucePlugin_Desc=\\\"Waveshaper\\ 01\\\"",
					"JucePlugin_Manufacturer=\\\"Family\\ Time\\\"",
					"JucePlugin_ManufacturerWebsite=\\\"\\\"",
					"JucePlugin_ManufacturerEmail=\\\"\\\"",
					"JucePlugin_ManufacturerCode=0x4d616e75",
					"JucePlugin_PluginCode=0x4b676475",
					"JucePlugin_IsSynth=0",
					"JucePlugin_WantsMidiInput=0",
					"JucePlugin_ProducesMidiOutput=0",
					"JucePlugin_IsMidiEffect=0",
					"JucePlugin_EditorRequiresKeyboardFocus=0",
					"JucePlugin_Version=1.0.0",
					"JucePlugin_VersionCode=0x10000",
					"JucePlugin_VersionString=\\\"1.0.0\\\"",
					"JucePlugin_VSTUniqueID=JucePlugin_PluginCode",
					"JucePlugin_VSTCategory=kPlugCategEffect",
					"JucePlugin_Vst3Category=\\\"Fx\\\"",
					"JucePlugin_AUMainType='aufx'",
					"JucePlugin_AUSubType=JucePlugin_PluginCode",
					"JucePlugin_AUExportPrefix=Waveshaper01AU",
					"JucePlugin_AUExportPrefixQuoted=\\\"Waveshaper01AU\\\"",
					"JucePlugin_AUManufacturerCode=JucePlugin_ManufacturerCode",
					"JucePlugin_CFBundleIdentifier=com.FamilyTime.Waveshaper01",
					"JucePlugin_RTASCategory=0",
					"JucePlugin_RTASManufacturerCode=JucePlugin_ManufacturerCode",
					"JucePlugin_RTASProductId=JucePlugin_PluginCode",
					"JucePlugin_RTASDisableBypass=0",
					"JucePlugin_RTASDisableMultiMono=0",
					"JucePlugin_AAXIdentifier=com.FamilyTime.Waveshaper01",
					"JucePlugin_AAXManufacturerCode=JucePlugin_ManufacturerCode",
					"JucePlugin_AAXProductId=JucePlugin_PluginCode",
					"JucePlugin_AAXCategory=0",
					"JucePlugin_AAXDisableBypass=0",
					"JucePlugin_AAXDisableMultiMono=0",
					"JucePlugin_IAAType=0x61757278",
					"JucePlugin_IAASubType=JucePlugin_PluginCode",
					"JucePlugin_IAAName=\\\"Family\\ Time:\\ Waveshaper\\ 01\\\"",
					"JucePlugin_VSTNumMidiInputs=16",
					"JucePlugin_VSTNumMidiOutputs=16",
					"JUCE_STANDALONE_APPLICATION=JucePlugin_Build_Standalone",
					"JUCER_XCODE_MAC_F6D2F4CF=1",
					"JUCE_APP_VERSION=1.0.0",
					"JUCE_APP_VERSION_HEX=0x10000",
					"JUCE_SHARED_CODE=1",
				);
				GCC_VERSION = com.apple.compilers.llvm.clang.1_0;
				HEADER_SEARCH_PATHS = (
					"/Users/colterulrich/Documents/JUCE/modules/juce_audio_processors/format_types/VST3_SDK",
					"$(SRCROOT)/../../JuceLibraryCode",
					"/Users/colterulrich/Documents/JUCE/modules",
					"/Users/colterulrich/Documents/JUCE/modules/juce_audio_plugin_client",
					"$(inherited)",
				);
				INSTALL_PATH = "@executable_path/../Frameworks";
				MACOSX_DEPLOYMENT_TARGET = 10.11;
				MTL_HEADER_SEARCH_PATHS = (
					"/Users/colterulrich/Documents/JUCE/modules/juce_audio_processors/format_types/VST3_SDK",
					"$(SRCROOT)/../../JuceLibraryCode",
					"/Users/colterulrich/Documents/JUCE/modules",
					"/Users/colterulrich/Documents/JUCE/modules/juce_audio_plugin_client",
				);
				PRODUCT_BUNDLE_IDENTIFIER = com.FamilyTime.Waveshaper01;
				PRODUCT_NAME = "Waveshaper 01";
				SKIP_INSTALL = YES;
				USE_HEADERMAP = NO;
				VALID_ARCHS = "i386 x86_64 arm64 arm64e";
			};
			name = Debug;
		};
		ADA5CA4882DA3E2001426632 = {
			isa = XCBuildConfiguration;
			buildSettings = {
				CLANG_CXX_LANGUAGE_STANDARD = "c++14";
				CLANG_CXX_LIBRARY = "libc++";
				CLANG_LINK_OBJC_RUNTIME = NO;
				CODE_SIGN_IDENTITY = "";
				COMBINE_HIDPI_IMAGES = YES;
				CONFIGURATION_BUILD_DIR = "$(PROJECT_DIR)/build/$(CONFIGURATION)";
				DEAD_CODE_STRIPPING = YES;
				GCC_GENERATE_DEBUGGING_SYMBOLS = NO;
				GCC_OPTIMIZATION_LEVEL = 3;
				GCC_PREPROCESSOR_DEFINITIONS = (
					"_NDEBUG=1",
					"NDEBUG=1",
					"JUCE_DISPLAY_SPLASH_SCREEN=1",
					"JUCE_USE_DARK_SPLASH_SCREEN=1",
					"JUCE_PROJUCER_VERSION=0x60007",
					"JUCE_MODULE_AVAILABLE_juce_audio_basics=1",
					"JUCE_MODULE_AVAILABLE_juce_audio_devices=1",
					"JUCE_MODULE_AVAILABLE_juce_audio_formats=1",
					"JUCE_MODULE_AVAILABLE_juce_audio_plugin_client=1",
					"JUCE_MODULE_AVAILABLE_juce_audio_processors=1",
					"JUCE_MODULE_AVAILABLE_juce_audio_utils=1",
					"JUCE_MODULE_AVAILABLE_juce_core=1",
					"JUCE_MODULE_AVAILABLE_juce_data_structures=1",
					"JUCE_MODULE_AVAILABLE_juce_events=1",
					"JUCE_MODULE_AVAILABLE_juce_graphics=1",
					"JUCE_MODULE_AVAILABLE_juce_gui_basics=1",
					"JUCE_MODULE_AVAILABLE_juce_gui_extra=1",
					"JUCE_GLOBAL_MODULE_SETTINGS_INCLUDED=1",
					"JUCE_VST3_CAN_REPLACE_VST2=0",
					"JUCE_STRICT_REFCOUNTEDPOINTER=1",
					"JucePlugin_Build_VST=0",
					"JucePlugin_Build_VST3=1",
					"JucePlugin_Build_AU=1",
					"JucePlugin_Build_AUv3=0",
					"JucePlugin_Build_RTAS=0",
					"JucePlugin_Build_AAX=0",
					"JucePlugin_Build_Standalone=0",
					"JucePlugin_Build_Unity=0",
					"JucePlugin_Enable_IAA=0",
					"JucePlugin_Name=\\\"Waveshaper\\ 01\\\"",
					"JucePlugin_Desc=\\\"Waveshaper\\ 01\\\"",
					"JucePlugin_Manufacturer=\\\"Family\\ Time\\\"",
					"JucePlugin_ManufacturerWebsite=\\\"\\\"",
					"JucePlugin_ManufacturerEmail=\\\"\\\"",
					"JucePlugin_ManufacturerCode=0x4d616e75",
					"JucePlugin_PluginCode=0x4b676475",
					"JucePlugin_IsSynth=0",
					"JucePlugin_WantsMidiInput=0",
					"JucePlugin_ProducesMidiOutput=0",
					"JucePlugin_IsMidiEffect=0",
					"JucePlugin_EditorRequiresKeyboardFocus=0",
					"JucePlugin_Version=1.0.0",
					"JucePlugin_VersionCode=0x10000",
					"JucePlugin_VersionString=\\\"1.0.0\\\"",
					"JucePlugin_VSTUniqueID=JucePlugin_PluginCode",
					"JucePlugin_VSTCategory=kPlugCategEffect",
					"JucePlugin_Vst3Category=\\\"Fx\\\"",
					"JucePlugin_AUMainType='aufx'",
					"JucePlugin_AUSubType=JucePlugin_PluginCode",
					"JucePlugin_AUExportPrefix=Waveshaper01AU",
					"JucePlugin_AUExportPrefixQuoted=\\\"Waveshaper01AU\\\"",
					"JucePlugin_AUManufacturerCode=JucePlugin_ManufacturerCode",
					"JucePlugin_CFBundleIdentifier=com.FamilyTime.Waveshaper01",
					"JucePlugin_RTASCategory=0",
					"JucePlugin_RTASManufacturerCode=JucePlugin_ManufacturerCode",
					"JucePlugin_RTASProductId=JucePlugin_PluginCode",
					"JucePlugin_RTASDisableBypass=0",
					"JucePlugin_RTASDisableMultiMono=0",
					"JucePlugin_AAXIdentifier=com.FamilyTime.Waveshaper01",
					"JucePlugin_AAXManufacturerCode=JucePlugin_ManufacturerCode",
					"JucePlugin_AAXProductId=JucePlugin_PluginCode",
					"JucePlugin_AAXCategory=0",
					"JucePlugin_AAXDisableBypass=0",
					"JucePlugin_AAXDisableMultiMono=0",
					"JucePlugin_IAAType=0x61757278",
					"JucePlugin_IAASubType=JucePlugin_PluginCode",
					"JucePlugin_IAAName=\\\"Family\\ Time:\\ Waveshaper\\ 01\\\"",
					"JucePlugin_VSTNumMidiInputs=16",
					"JucePlugin_VSTNumMidiOutputs=16",
					"JUCE_STANDALONE_APPLICATION=JucePlugin_Build_Standalone",
					"JUCER_XCODE_MAC_F6D2F4CF=1",
					"JUCE_APP_VERSION=1.0.0",
					"JUCE_APP_VERSION_HEX=0x10000",
					"JUCE_SHARED_CODE=1",
				);
				GCC_VERSION = com.apple.compilers.llvm.clang.1_0;
				HEADER_SEARCH_PATHS = (
					"/Users/colterulrich/Documents/JUCE/modules/juce_audio_processors/format_types/VST3_SDK",
					"$(SRCROOT)/../../JuceLibraryCode",
					"/Users/colterulrich/Documents/JUCE/modules",
					"/Users/colterulrich/Documents/JUCE/modules/juce_audio_plugin_client",
					"$(inherited)",
				);
				INSTALL_PATH = "@executable_path/../Frameworks";
				LLVM_LTO = YES;
				MACOSX_DEPLOYMENT_TARGET = 10.11;
				MTL_HEADER_SEARCH_PATHS = (
					"/Users/colterulrich/Documents/JUCE/modules/juce_audio_processors/format_types/VST3_SDK",
					"$(SRCROOT)/../../JuceLibraryCode",
					"/Users/colterulrich/Documents/JUCE/modules",
					"/Users/colterulrich/Documents/JUCE/modules/juce_audio_plugin_client",
				);
				PRODUCT_BUNDLE_IDENTIFIER = com.FamilyTime.Waveshaper01;
				PRODUCT_NAME = "Waveshaper 01";
				SKIP_INSTALL = YES;
				USE_HEADERMAP = NO;
				VALID_ARCHS = "i386 x86_64 arm64 arm64e";
			};
			name = Release;
		};
		6A15B99E463214886EDEA7DF = {
			isa = XCBuildConfiguration;
			buildSettings = {
				ALWAYS_SEARCH_USER_PATHS = NO;
				CLANG_ENABLE_OBJC_WEAK = YES;
				CLANG_WARN_BLOCK_CAPTURE_AUTORELEASING = YES;
				CLANG_WARN_BOOL_CONVERSION = YES;
				CLANG_WARN_COMMA = YES;
				CLANG_WARN_CONSTANT_CONVERSION = YES;
				CLANG_WARN_DEPRECATED_OBJC_IMPLEMENTATIONS = YES;
				CLANG_WARN_EMPTY_BODY = YES;
				CLANG_WARN_ENUM_CONVERSION = YES;
				CLANG_WARN_INFINITE_RECURSION = YES;
				CLANG_WARN_INT_CONVERSION = YES;
				CLANG_WARN_NON_LITERAL_NULL_CONVERSION = YES;
				CLANG_WARN_OBJC_IMPLICIT_RETAIN_SELF = YES;
				CLANG_WARN_OBJC_LITERAL_CONVERSION = YES;
				CLANG_WARN_RANGE_LOOP_ANALYSIS = YES;
				CLANG_WARN_STRICT_PROTOTYPES = YES;
				CLANG_WARN_SUSPICIOUS_MOVE = YES;
				CLANG_WARN_UNREACHABLE_CODE = YES;
				CLANG_WARN__DUPLICATE_METHOD_MATCH = YES;
				CODE_SIGN_IDENTITY = "";
				DEBUG_INFORMATION_FORMAT = dwarf;
				ENABLE_STRICT_OBJC_MSGSEND = YES;
				ENABLE_TESTABILITY = NO;
				GCC_C_LANGUAGE_STANDARD = c11;
				GCC_INLINES_ARE_PRIVATE_EXTERN = YES;
				GCC_MODEL_TUNING = G5;
				GCC_NO_COMMON_BLOCKS = YES;
				GCC_SYMBOLS_PRIVATE_EXTERN = YES;
				GCC_WARN_64_TO_32_BIT_CONVERSION = YES;
				GCC_WARN_ABOUT_RETURN_TYPE = YES;
				GCC_WARN_CHECK_SWITCH_STATEMENTS = YES;
				GCC_WARN_MISSING_PARENTHESES = YES;
				GCC_WARN_NON_VIRTUAL_DESTRUCTOR = YES;
				GCC_WARN_TYPECHECK_CALLS_TO_PRINTF = YES;
				GCC_WARN_UNDECLARED_SELECTOR = YES;
				GCC_WARN_UNINITIALIZED_AUTOS = YES;
				GCC_WARN_UNUSED_FUNCTION = YES;
				GCC_WARN_UNUSED_VARIABLE = YES;
				ONLY_ACTIVE_ARCH = YES;
				PRODUCT_NAME = "Waveshaper 01";
				SDKROOT = macosx;
				WARNING_CFLAGS = "-Wreorder";
				ZERO_LINK = NO;
			};
			name = Debug;
		};
		8EE2BDE7DE125329BF258840 = {
			isa = XCBuildConfiguration;
			buildSettings = {
				ALWAYS_SEARCH_USER_PATHS = NO;
				CLANG_ENABLE_OBJC_WEAK = YES;
				CLANG_WARN_BLOCK_CAPTURE_AUTORELEASING = YES;
				CLANG_WARN_BOOL_CONVERSION = YES;
				CLANG_WARN_COMMA = YES;
				CLANG_WARN_CONSTANT_CONVERSION = YES;
				CLANG_WARN_DEPRECATED_OBJC_IMPLEMENTATIONS = YES;
				CLANG_WARN_EMPTY_BODY = YES;
				CLANG_WARN_ENUM_CONVERSION = YES;
				CLANG_WARN_INFINITE_RECURSION = YES;
				CLANG_WARN_INT_CONVERSION = YES;
				CLANG_WARN_NON_LITERAL_NULL_CONVERSION = YES;
				CLANG_WARN_OBJC_IMPLICIT_RETAIN_SELF = YES;
				CLANG_WARN_OBJC_LITERAL_CONVERSION = YES;
				CLANG_WARN_RANGE_LOOP_ANALYSIS = YES;
				CLANG_WARN_STRICT_PROTOTYPES = YES;
				CLANG_WARN_SUSPICIOUS_MOVE = YES;
				CLANG_WARN_UNREACHABLE_CODE = YES;
				CLANG_WARN__DUPLICATE_METHOD_MATCH = YES;
				CODE_SIGN_IDENTITY = "";
				DEBUG_INFORMATION_FORMAT = dwarf;
				ENABLE_STRICT_OBJC_MSGSEND = YES;
				ENABLE_TESTABILITY = NO;
				GCC_C_LANGUAGE_STANDARD = c11;
				GCC_INLINES_ARE_PRIVATE_EXTERN = YES;
				GCC_MODEL_TUNING = G5;
				GCC_NO_COMMON_BLOCKS = YES;
				GCC_SYMBOLS_PRIVATE_EXTERN = YES;
				GCC_WARN_64_TO_32_BIT_CONVERSION = YES;
				GCC_WARN_ABOUT_RETURN_TYPE = YES;
				GCC_WARN_CHECK_SWITCH_STATEMENTS = YES;
				GCC_WARN_MISSING_PARENTHESES = YES;
				GCC_WARN_NON_VIRTUAL_DESTRUCTOR = YES;
				GCC_WARN_TYPECHECK_CALLS_TO_PRINTF = YES;
				GCC_WARN_UNDECLARED_SELECTOR = YES;
				GCC_WARN_UNINITIALIZED_AUTOS = YES;
				GCC_WARN_UNUSED_FUNCTION = YES;
				GCC_WARN_UNUSED_VARIABLE = YES;
				PRODUCT_NAME = "Waveshaper 01";
				SDKROOT = macosx;
				WARNING_CFLAGS = "-Wreorder";
				ZERO_LINK = NO;
			};
			name = Release;
		};
		FD79AFA5CE7EDCAA47E1EE15 = {
			isa = XCConfigurationList;
			buildConfigurations = (
				6A15B99E463214886EDEA7DF,
				8EE2BDE7DE125329BF258840,
			);
			defaultConfigurationIsVisible = 0;
			defaultConfigurationName = Debug;
		};
		CE66CEF80858C1F91A8F10AB = {
			isa = XCConfigurationList;
			buildConfigurations = (
				2F5E1969EAA3FD23812B7630,
				9F39952382DE40A6049E4120,
			);
			defaultConfigurationIsVisible = 0;
			defaultConfigurationName = Debug;
		};
		40EE15A4CBFAC58136DB0DC9 = {
			isa = PBXAggregateTarget;
			buildConfigurationList = CE66CEF80858C1F91A8F10AB;
			buildPhases = ( );
			buildRules = ( );
			dependencies = (
				D20D1059E790E949D62C92DB,
				943CAF03644F8C3E3F84B594,
				E01413877524DE09A5AE5AAF,
			);
			name = "Waveshaper 01 - All";
			productName = "Waveshaper 01";
		};
		1965F58E569139AAE5A3BD18 = {
			isa = XCConfigurationList;
			buildConfigurations = (
				D260EE99BA8EE8DCF9330018,
				477756205DE482D66BD4F25F,
			);
			defaultConfigurationIsVisible = 0;
			defaultConfigurationName = Debug;
		};
		DCA2029983341BA713432ACB = {
			isa = PBXResourcesBuildPhase;
			buildActionMask = 2147483647;
			files = (
				B41AE04AF6DAF4ED88CD4F71,
			);
			runOnlyForDeploymentPostprocessing = 0;
		};
		35CB836C36606F81D1C63087 = {
			isa = PBXSourcesBuildPhase;
			buildActionMask = 2147483647;
			files = (
				9617FCDD8FEA971EA81D5818,
			);
			runOnlyForDeploymentPostprocessing = 0;
		};
		15A72147E172DE1C9ED89385 = {
			isa = PBXFrameworksBuildPhase;
			buildActionMask = 2147483647;
			files = (
				495E78B0FE9B4CD1F38EA255,
				8CF1F9ECDDFDA2EF74320799,
				9AE9EB077A77B1D4708F3B55,
				1434E012A77F164378980903,
				2375A5AA9B495DA2F7C9A927,
				C927FCB28FF88E14E5F3B194,
				2C0C04E4B1D6B6060D407B62,
				158DDCF692B8D2263A5E9FFF,
				8333A640DA4739CB26F4498B,
				6CE97CC0ED2B39AE627E4DA3,
				D37DB42EA54E401125253E5D,
				3054905AD7B5A5B89409E257,
			);
			runOnlyForDeploymentPostprocessing = 0;
		};
		0086F1A9EC866300C8DB0236 = {
			isa = PBXNativeTarget;
			buildConfigurationList = 1965F58E569139AAE5A3BD18;
			buildPhases = (
				DCA2029983341BA713432ACB,
				35CB836C36606F81D1C63087,
				15A72147E172DE1C9ED89385,
			);
			buildRules = ( );
			dependencies = (
				7B964453ECA408E248AC38D7,
			);
			name = "Waveshaper 01 - VST3";
			productName = "Waveshaper 01";
			productReference = 3ABE43ADC8BCAB662B10EE28;
			productType = "com.apple.product-type.bundle";
		};
		7EB0A7907A7AD551DC9AB48A = {
			isa = XCConfigurationList;
			buildConfigurations = (
				09772A4B3BA3E9517197F34C,
				24A80777D9BC9C418D6E1D0B,
			);
			defaultConfigurationIsVisible = 0;
			defaultConfigurationName = Debug;
		};
		10BE8A061DD2A12CFF25D1CC = {
			isa = PBXResourcesBuildPhase;
			buildActionMask = 2147483647;
			files = (
				B41AE04AF6DAF4ED88CD4F71,
			);
			runOnlyForDeploymentPostprocessing = 0;
		};
		E6C17F050BD92E89D58D487D = {
			isa = PBXRezBuildPhase;
			buildActionMask = 2147483647;
			files = (
				BEB7B78962BB0D297BC77AA4,
			);
			runOnlyForDeploymentPostprocessing = 0;
		};
		6D66C9212423AAEBCD1ACD06 = {
			isa = PBXSourcesBuildPhase;
			buildActionMask = 2147483647;
			files = (
				151DA708FFC14541D033737B,
				B3DD0D3E60746FE021C853C2,
			);
			runOnlyForDeploymentPostprocessing = 0;
		};
		A9E0006304703A106B3EF56E = {
			isa = PBXFrameworksBuildPhase;
			buildActionMask = 2147483647;
			files = (
				1C73A8C94B0BB400C5B72956,
				495E78B0FE9B4CD1F38EA255,
				8CF1F9ECDDFDA2EF74320799,
				9AE9EB077A77B1D4708F3B55,
				1434E012A77F164378980903,
				2375A5AA9B495DA2F7C9A927,
				C927FCB28FF88E14E5F3B194,
				2C0C04E4B1D6B6060D407B62,
				158DDCF692B8D2263A5E9FFF,
				8333A640DA4739CB26F4498B,
				6CE97CC0ED2B39AE627E4DA3,
				D37DB42EA54E401125253E5D,
				3054905AD7B5A5B89409E257,
			);
			runOnlyForDeploymentPostprocessing = 0;
		};
		245F795BC41EA44E5D869675 = {
			isa = PBXNativeTarget;
			buildConfigurationList = 7EB0A7907A7AD551DC9AB48A;
			buildPhases = (
				10BE8A061DD2A12CFF25D1CC,
				E6C17F050BD92E89D58D487D,
				6D66C9212423AAEBCD1ACD06,
				A9E0006304703A106B3EF56E,
			);
			buildRules = ( );
			dependencies = (
				BFE3D870778A7E24F3E68C2C,
			);
			name = "Waveshaper 01 - AU";
			productName = "Waveshaper 01";
			productReference = 6D2F914640B1A53ABAEB1CF1;
			productType = "com.apple.product-type.bundle";
		};
		C119F82D5B5BEED07D0953FA = {
			isa = XCConfigurationList;
			buildConfigurations = (
				4F4982247C927E1F0435AD9F,
				ADA5CA4882DA3E2001426632,
			);
			defaultConfigurationIsVisible = 0;
			defaultConfigurationName = Debug;
		};
		9025DC75DC52CC190CB718CC = {
			isa = PBXSourcesBuildPhase;
			buildActionMask = 2147483647;
			files = (
				B74EA05CB9738271F9B856FC,
				190A33A677A103A652F02ACA,
				CE0654C09CCBA05D7FDC96AD,
				CD17F18C08CC74C409A5E470,
				5223710EF1529562E00F0B96,
				8FB2581E59A6861CC4307FBC,
				09A79D06B0CE1D373F8B255F,
				F996CF1E86D892FF725E5DD1,
				F3980FE01083ECAD9E90C2C4,
				A84C73498DEA48C59FACA218,
				6673634C61190A1431BA4E46,
				E83825F7C24708C5C57119E5,
				4A07EEF261E0F11CE81264EA,
				14C062C1665A0E242BEC06CE,
				88300A9EAB7F1726CED8837B,
			);
			runOnlyForDeploymentPostprocessing = 0;
		};
		6CDB74831CD904FE18E5C9FC = {
			isa = PBXNativeTarget;
			buildConfigurationList = C119F82D5B5BEED07D0953FA;
			buildPhases = (
				9025DC75DC52CC190CB718CC,
			);
			buildRules = ( );
			dependencies = ( );
			name = "Waveshaper 01 - Shared Code";
			productName = "Waveshaper 01";
			productReference = 14F07A56FD0B473BB564B252;
			productType = "com.apple.product-type.library.static";
		};
		F4AE2586A040D336505B0D80 = {
			isa = PBXProject;
			buildConfigurationList = FD79AFA5CE7EDCAA47E1EE15;
			attributes = { LastUpgradeCheck = 1230; ORGANIZATIONNAME = "Family Time"; TargetAttributes = { 40EE15A4CBFAC58136DB0DC9 = { SystemCapabilities = {com.apple.ApplicationGroups.iOS = { enabled = 0; }; com.apple.InAppPurchase = { enabled = 0; }; com.apple.InterAppAudio = { enabled = 0; }; com.apple.Push = { enabled = 0; }; com.apple.Sandbox = { enabled = 0; }; com.apple.HardenedRuntime = { enabled = 0; }; }; };0086F1A9EC866300C8DB0236 = { SystemCapabilities = {com.apple.ApplicationGroups.iOS = { enabled = 0; }; com.apple.InAppPurchase = { enabled = 0; }; com.apple.InterAppAudio = { enabled = 0; }; com.apple.Push = { enabled = 0; }; com.apple.Sandbox = { enabled = 0; }; com.apple.HardenedRuntime = { enabled = 0; }; }; };245F795BC41EA44E5D869675 = { SystemCapabilities = {com.apple.ApplicationGroups.iOS = { enabled = 0; }; com.apple.InAppPurchase = { enabled = 0; }; com.apple.InterAppAudio = { enabled = 0; }; com.apple.Push = { enabled = 0; }; com.apple.Sandbox = { enabled = 0; }; com.apple.HardenedRuntime = { enabled = 0; }; }; };6CDB74831CD904FE18E5C9FC = { SystemCapabilities = {com.apple.ApplicationGroups.iOS = { enabled = 0; }; com.apple.InAppPurchase = { enabled = 0; }; com.apple.InterAppAudio = { enabled = 0; }; com.apple.Push = { enabled = 0; }; com.apple.Sandbox = { enabled = 0; }; com.apple.HardenedRuntime = { enabled = 0; }; }; }; }; };
			compatibilityVersion = "Xcode 3.2";
			hasScannedForEncodings = 0;
			mainGroup = 98138F9505645254A4ABEACF;
			projectDirPath = "";
			projectRoot = "";
			targets = (40EE15A4CBFAC58136DB0DC9, 0086F1A9EC866300C8DB0236, 245F795BC41EA44E5D869675, 6CDB74831CD904FE18E5C9FC);
			knownRegions = (en, Base);
		};
	};
	rootObject = F4AE2586A040D336505B0D80;
}
